
Microsoft Visual Studio Solution File, Format Version 12.00
# Visual Studio Version 16
VisualStudioVersion = 16.0.29709.97
MinimumVisualStudioVersion = 10.0.40219.1
Project("{FAE04EC0-301F-11D3-BF4B-00C04F79EFBC}") = "Employees", "Employees.csproj", "{E2137C8D-00EF-4DCB-8BE1-C138A3DEF02F}"
EndProject
Global
	GlobalSection(SolutionConfigurationPlatforms) = preSolution
		Debug|Any CPU = Debug|Any CPU
		Release|Any CPU = Release|Any CPU
	EndGlobalSection
	GlobalSection(ProjectConfigurationPlatforms) = postSolution
		{E2137C8D-00EF-4DCB-8BE1-C138A3DEF02F}.Debug|Any CPU.ActiveCfg = Debug|Any CPU
		{E2137C8D-00EF-4DCB-8BE1-C138A3DEF02F}.Debug|Any CPU.Build.0 = Debug|Any CPU
		{E2137C8D-00EF-4DCB-8BE1-C138A3DEF02F}.Release|Any CPU.ActiveCfg = Release|Any CPU
		{E2137C8D-00EF-4DCB-8BE1-C138A3DEF02F}.Release|Any CPU.Build.0 = Release|Any CPU
	EndGlobalSection
	GlobalSection(SolutionProperties) = preSolution
		HideSolutionNode = FALSE
	EndGlobalSection
	GlobalSection(ExtensibilityGlobals) = postSolution
		SolutionGuid = {1E054401-6D6D-4D5B-A036-F49E726AF32A}
	EndGlobalSection
EndGlobal
