
Microsoft Visual Studio Solution File, Format Version 12.00
# Visual Studio Version 17
VisualStudioVersion = 17.1.32228.430
MinimumVisualStudioVersion = 10.0.40219.1
Project("{9A19103F-16F7-4668-BE54-9A1E7A4F7556}") = "Calculator", "Calculator.csproj", "{0B64DBCC-7D76-4D5D-96EE-9E4640FE15B3}"
EndProject
Project("{FAE04EC0-301F-11D3-BF4B-00C04F79EFBC}") = "CalculatorTests", "..\CalculatorTests\CalculatorTests.csproj", "{A623A851-C937-45AF-A87A-9A3F7898A23A}"
EndProject
Global
	GlobalSection(SolutionConfigurationPlatforms) = preSolution
		Debug|Any CPU = Debug|Any CPU
		Release|Any CPU = Release|Any CPU
	EndGlobalSection
	GlobalSection(ProjectConfigurationPlatforms) = postSolution
		{0B64DBCC-7D76-4D5D-96EE-9E4640FE15B3}.Debug|Any CPU.ActiveCfg = Debug|Any CPU
		{0B64DBCC-7D76-4D5D-96EE-9E4640FE15B3}.Debug|Any CPU.Build.0 = Debug|Any CPU
		{0B64DBCC-7D76-4D5D-96EE-9E4640FE15B3}.Release|Any CPU.ActiveCfg = Release|Any CPU
		{0B64DBCC-7D76-4D5D-96EE-9E4640FE15B3}.Release|Any CPU.Build.0 = Release|Any CPU
		{A623A851-C937-45AF-A87A-9A3F7898A23A}.Debug|Any CPU.ActiveCfg = Debug|Any CPU
		{A623A851-C937-45AF-A87A-9A3F7898A23A}.Debug|Any CPU.Build.0 = Debug|Any CPU
		{A623A851-C937-45AF-A87A-9A3F7898A23A}.Release|Any CPU.ActiveCfg = Release|Any CPU
		{A623A851-C937-45AF-A87A-9A3F7898A23A}.Release|Any CPU.Build.0 = Release|Any CPU
	EndGlobalSection
	GlobalSection(SolutionProperties) = preSolution
		HideSolutionNode = FALSE
	EndGlobalSection
	GlobalSection(ExtensibilityGlobals) = postSolution
		SolutionGuid = {EDB03858-DF69-4300-824B-997D03F3FC0A}
	EndGlobalSection
EndGlobal
